
Microsoft Visual Studio Solution File, Format Version 12.00
# Visual Studio Version 17
VisualStudioVersion = 17.6.33723.286
MinimumVisualStudioVersion = 10.0.40219.1
Project("{FAE04EC0-301F-11D3-BF4B-00C04F79EFBC}") = "WIEZIENIEgra", "WIEZIENIEgra\WIEZIENIEgra.csproj", "{C2434E48-1FD6-4448-9620-A5E09E7EC8F5}"
EndProject
Global
	GlobalSection(SolutionConfigurationPlatforms) = preSolution
		Debug|Any CPU = Debug|Any CPU
		Release|Any CPU = Release|Any CPU
	EndGlobalSection
	GlobalSection(ProjectConfigurationPlatforms) = postSolution
		{C2434E48-1FD6-4448-9620-A5E09E7EC8F5}.Debug|Any CPU.ActiveCfg = Debug|Any CPU
		{C2434E48-1FD6-4448-9620-A5E09E7EC8F5}.Debug|Any CPU.Build.0 = Debug|Any CPU
		{C2434E48-1FD6-4448-9620-A5E09E7EC8F5}.Release|Any CPU.ActiveCfg = Release|Any CPU
		{C2434E48-1FD6-4448-9620-A5E09E7EC8F5}.Release|Any CPU.Build.0 = Release|Any CPU
	EndGlobalSection
	GlobalSection(SolutionProperties) = preSolution
		HideSolutionNode = FALSE
	EndGlobalSection
	GlobalSection(ExtensibilityGlobals) = postSolution
		SolutionGuid = {6057DAC7-DEB6-4266-9517-64568C7613D3}
	EndGlobalSection
EndGlobal
